
Microsoft Visual Studio Solution File, Format Version 12.00
# Visual Studio Version 17
VisualStudioVersion = 17.9.34616.47
MinimumVisualStudioVersion = 10.0.40219.1
Project("{FAE04EC0-301F-11D3-BF4B-00C04F79EFBC}") = "Lab1_Test", "Lab1_Test.csproj", "{C24622B9-2791-4142-A8E5-5E8B79636B71}"
EndProject
Global
	GlobalSection(SolutionConfigurationPlatforms) = preSolution
		Debug|Any CPU = Debug|Any CPU
		Release|Any CPU = Release|Any CPU
	EndGlobalSection
	GlobalSection(ProjectConfigurationPlatforms) = postSolution
		{C24622B9-2791-4142-A8E5-5E8B79636B71}.Debug|Any CPU.ActiveCfg = Debug|Any CPU
		{C24622B9-2791-4142-A8E5-5E8B79636B71}.Debug|Any CPU.Build.0 = Debug|Any CPU
		{C24622B9-2791-4142-A8E5-5E8B79636B71}.Release|Any CPU.ActiveCfg = Release|Any CPU
		{C24622B9-2791-4142-A8E5-5E8B79636B71}.Release|Any CPU.Build.0 = Release|Any CPU
	EndGlobalSection
	GlobalSection(SolutionProperties) = preSolution
		HideSolutionNode = FALSE
	EndGlobalSection
	GlobalSection(ExtensibilityGlobals) = postSolution
		SolutionGuid = {DE47E936-3FEE-4315-886A-FC1E81794862}
	EndGlobalSection
EndGlobal
